
Microsoft Visual Studio Solution File, Format Version 12.00
# Visual Studio 14
VisualStudioVersion = 14.0.24720.0
MinimumVisualStudioVersion = 10.0.40219.1
Project("{8BC9CEB8-8B4A-11D0-8D11-00A0C91BC942}") = "4_ClosestPairProblem", "4_ClosestPairProblem\4_ClosestPairProblem.vcxproj", "{C5AB978A-2B14-4906-8729-CBE6C1F8D8DE}"
EndProject
Global
	GlobalSection(SolutionConfigurationPlatforms) = preSolution
		Debug|x64 = Debug|x64
		Release|x64 = Release|x64
	EndGlobalSection
	GlobalSection(ProjectConfigurationPlatforms) = postSolution
		{C5AB978A-2B14-4906-8729-CBE6C1F8D8DE}.Debug|x64.ActiveCfg = Debug|x64
		{C5AB978A-2B14-4906-8729-CBE6C1F8D8DE}.Debug|x64.Build.0 = Debug|x64
		{C5AB978A-2B14-4906-8729-CBE6C1F8D8DE}.Release|x64.ActiveCfg = Release|x64
		{C5AB978A-2B14-4906-8729-CBE6C1F8D8DE}.Release|x64.Build.0 = Release|x64
	EndGlobalSection
	GlobalSection(SolutionProperties) = preSolution
		HideSolutionNode = FALSE
	EndGlobalSection
EndGlobal
